
Microsoft Visual Studio Solution File, Format Version 12.00
# Visual Studio Version 17
VisualStudioVersion = 17.0.31903.59
MinimumVisualStudioVersion = 10.0.40219.1
Project("{2150E333-8FDC-42A3-9474-1A3956D46DE8}") = "src", "src", "{B2A7F5E8-09F2-471F-8CC1-EBBD6E25014E}"
EndProject
Project("{FAE04EC0-301F-11D3-BF4B-00C04F79EFBC}") = "SimpleAPI", "src\SimpleAPI\SimpleAPI.csproj", "{3AE449FF-CD9C-45EB-B146-358A64BDDF90}"
EndProject
Project("{2150E333-8FDC-42A3-9474-1A3956D46DE8}") = "test", "test", "{4A16E2C6-CE77-41FF-98EB-FE3CDC08A310}"
EndProject
Project("{FAE04EC0-301F-11D3-BF4B-00C04F79EFBC}") = "SimpleAPI.Tests", "test\SimpleAPI.Tests\SimpleAPI.Tests.csproj", "{F4A8C288-C71C-41E5-B820-F726F7E1162C}"
EndProject
Global
	GlobalSection(SolutionConfigurationPlatforms) = preSolution
		Debug|Any CPU = Debug|Any CPU
		Release|Any CPU = Release|Any CPU
	EndGlobalSection
	GlobalSection(SolutionProperties) = preSolution
		HideSolutionNode = FALSE
	EndGlobalSection
	GlobalSection(ProjectConfigurationPlatforms) = postSolution
		{3AE449FF-CD9C-45EB-B146-358A64BDDF90}.Debug|Any CPU.ActiveCfg = Debug|Any CPU
		{3AE449FF-CD9C-45EB-B146-358A64BDDF90}.Debug|Any CPU.Build.0 = Debug|Any CPU
		{3AE449FF-CD9C-45EB-B146-358A64BDDF90}.Release|Any CPU.ActiveCfg = Release|Any CPU
		{3AE449FF-CD9C-45EB-B146-358A64BDDF90}.Release|Any CPU.Build.0 = Release|Any CPU
		{F4A8C288-C71C-41E5-B820-F726F7E1162C}.Debug|Any CPU.ActiveCfg = Debug|Any CPU
		{F4A8C288-C71C-41E5-B820-F726F7E1162C}.Debug|Any CPU.Build.0 = Debug|Any CPU
		{F4A8C288-C71C-41E5-B820-F726F7E1162C}.Release|Any CPU.ActiveCfg = Release|Any CPU
		{F4A8C288-C71C-41E5-B820-F726F7E1162C}.Release|Any CPU.Build.0 = Release|Any CPU
	EndGlobalSection
	GlobalSection(NestedProjects) = preSolution
		{3AE449FF-CD9C-45EB-B146-358A64BDDF90} = {B2A7F5E8-09F2-471F-8CC1-EBBD6E25014E}
		{F4A8C288-C71C-41E5-B820-F726F7E1162C} = {4A16E2C6-CE77-41FF-98EB-FE3CDC08A310}
	EndGlobalSection
EndGlobal
